
Microsoft Visual Studio Solution File, Format Version 12.00
# Visual Studio Version 16
VisualStudioVersion = 16.0.30114.105
MinimumVisualStudioVersion = 10.0.40219.1
Project("{9A19103F-16F7-4668-BE54-9A1E7A4F7556}") = "VoxelWorld", "VoxelWorld\VoxelWorld.csproj", "{93123D38-723B-4BDF-B1FA-E6A665FD748D}"
EndProject
Project("{9A19103F-16F7-4668-BE54-9A1E7A4F7556}") = "OpenGL.Platform", "..\opengl4csharp\OpenGL.Platform\OpenGL.Platform.csproj", "{9403152C-6A40-4AFF-802F-CA78C6018047}"
EndProject
Project("{9A19103F-16F7-4668-BE54-9A1E7A4F7556}") = "OpenGL", "..\opengl4csharp\OpenGL\OpenGL.csproj", "{1B727BA9-6268-4B0A-A954-31EE363B1D72}"
EndProject
Project("{9A19103F-16F7-4668-BE54-9A1E7A4F7556}") = "VoxelBench", "VoxelBench\VoxelBench.csproj", "{FC808789-BFF3-4D9C-9CE5-85DF02E668E2}"
EndProject
Global
	GlobalSection(SolutionConfigurationPlatforms) = preSolution
		Debug|Any CPU = Debug|Any CPU
		Release|Any CPU = Release|Any CPU
	EndGlobalSection
	GlobalSection(ProjectConfigurationPlatforms) = postSolution
		{93123D38-723B-4BDF-B1FA-E6A665FD748D}.Debug|Any CPU.ActiveCfg = Debug|Any CPU
		{93123D38-723B-4BDF-B1FA-E6A665FD748D}.Debug|Any CPU.Build.0 = Debug|Any CPU
		{93123D38-723B-4BDF-B1FA-E6A665FD748D}.Release|Any CPU.ActiveCfg = Release|Any CPU
		{93123D38-723B-4BDF-B1FA-E6A665FD748D}.Release|Any CPU.Build.0 = Release|Any CPU
		{9403152C-6A40-4AFF-802F-CA78C6018047}.Debug|Any CPU.ActiveCfg = Debug|Any CPU
		{9403152C-6A40-4AFF-802F-CA78C6018047}.Debug|Any CPU.Build.0 = Debug|Any CPU
		{9403152C-6A40-4AFF-802F-CA78C6018047}.Release|Any CPU.ActiveCfg = Release|Any CPU
		{9403152C-6A40-4AFF-802F-CA78C6018047}.Release|Any CPU.Build.0 = Release|Any CPU
		{1B727BA9-6268-4B0A-A954-31EE363B1D72}.Debug|Any CPU.ActiveCfg = Debug|Any CPU
		{1B727BA9-6268-4B0A-A954-31EE363B1D72}.Debug|Any CPU.Build.0 = Debug|Any CPU
		{1B727BA9-6268-4B0A-A954-31EE363B1D72}.Release|Any CPU.ActiveCfg = Release|Any CPU
		{1B727BA9-6268-4B0A-A954-31EE363B1D72}.Release|Any CPU.Build.0 = Release|Any CPU
		{FC808789-BFF3-4D9C-9CE5-85DF02E668E2}.Debug|Any CPU.ActiveCfg = Debug|Any CPU
		{FC808789-BFF3-4D9C-9CE5-85DF02E668E2}.Debug|Any CPU.Build.0 = Debug|Any CPU
		{FC808789-BFF3-4D9C-9CE5-85DF02E668E2}.Release|Any CPU.ActiveCfg = Release|Any CPU
		{FC808789-BFF3-4D9C-9CE5-85DF02E668E2}.Release|Any CPU.Build.0 = Release|Any CPU
	EndGlobalSection
	GlobalSection(SolutionProperties) = preSolution
		HideSolutionNode = FALSE
	EndGlobalSection
	GlobalSection(ExtensibilityGlobals) = postSolution
		SolutionGuid = {4B165D13-A9FB-42C0-8D43-281699B066A7}
	EndGlobalSection
EndGlobal
